
Microsoft Visual Studio Solution File, Format Version 12.00
# Visual Studio Version 16
VisualStudioVersion = 16.0.31624.102
MinimumVisualStudioVersion = 10.0.40219.1
Project("{FAE04EC0-301F-11D3-BF4B-00C04F79EFBC}") = "Hotel_Reservation_System", "Hotel_Reservation_System\Hotel_Reservation_System.csproj", "{18BBEA8B-2421-4C1F-9368-C33DFF89AB57}"
EndProject
Global
	GlobalSection(SolutionConfigurationPlatforms) = preSolution
		Debug|Any CPU = Debug|Any CPU
		Release|Any CPU = Release|Any CPU
	EndGlobalSection
	GlobalSection(ProjectConfigurationPlatforms) = postSolution
		{18BBEA8B-2421-4C1F-9368-C33DFF89AB57}.Debug|Any CPU.ActiveCfg = Debug|Any CPU
		{18BBEA8B-2421-4C1F-9368-C33DFF89AB57}.Debug|Any CPU.Build.0 = Debug|Any CPU
		{18BBEA8B-2421-4C1F-9368-C33DFF89AB57}.Release|Any CPU.ActiveCfg = Release|Any CPU
		{18BBEA8B-2421-4C1F-9368-C33DFF89AB57}.Release|Any CPU.Build.0 = Release|Any CPU
	EndGlobalSection
	GlobalSection(SolutionProperties) = preSolution
		HideSolutionNode = FALSE
	EndGlobalSection
	GlobalSection(ExtensibilityGlobals) = postSolution
		SolutionGuid = {F55657AF-72F8-46AF-B8B7-1692768A2502}
	EndGlobalSection
EndGlobal
